
Microsoft Visual Studio Solution File, Format Version 12.00
# Visual Studio 15
VisualStudioVersion = 15.0.28010.2016
MinimumVisualStudioVersion = 10.0.40219.1
Project("{FAE04EC0-301F-11D3-BF4B-00C04F79EFBC}") = "Dominio", "Dominio\Dominio.csproj", "{2A589DE3-A00F-4AD3-AAD6-1A55A56B85A3}"
EndProject
Project("{FAE04EC0-301F-11D3-BF4B-00C04F79EFBC}") = "Negocio", "Negocio\Negocio.csproj", "{D6561A1F-7564-46F5-8C86-00FAE83A6DCE}"
EndProject
Project("{FAE04EC0-301F-11D3-BF4B-00C04F79EFBC}") = "Presentacion", "Presentacion\Presentacion.csproj", "{14EAEE78-83BF-44EE-9AE6-773B01174A2F}"
EndProject
Global
	GlobalSection(SolutionConfigurationPlatforms) = preSolution
		Debug|Any CPU = Debug|Any CPU
		Release|Any CPU = Release|Any CPU
	EndGlobalSection
	GlobalSection(ProjectConfigurationPlatforms) = postSolution
		{2A589DE3-A00F-4AD3-AAD6-1A55A56B85A3}.Debug|Any CPU.ActiveCfg = Debug|Any CPU
		{2A589DE3-A00F-4AD3-AAD6-1A55A56B85A3}.Debug|Any CPU.Build.0 = Debug|Any CPU
		{2A589DE3-A00F-4AD3-AAD6-1A55A56B85A3}.Release|Any CPU.ActiveCfg = Release|Any CPU
		{2A589DE3-A00F-4AD3-AAD6-1A55A56B85A3}.Release|Any CPU.Build.0 = Release|Any CPU
		{D6561A1F-7564-46F5-8C86-00FAE83A6DCE}.Debug|Any CPU.ActiveCfg = Debug|Any CPU
		{D6561A1F-7564-46F5-8C86-00FAE83A6DCE}.Debug|Any CPU.Build.0 = Debug|Any CPU
		{D6561A1F-7564-46F5-8C86-00FAE83A6DCE}.Release|Any CPU.ActiveCfg = Release|Any CPU
		{D6561A1F-7564-46F5-8C86-00FAE83A6DCE}.Release|Any CPU.Build.0 = Release|Any CPU
		{14EAEE78-83BF-44EE-9AE6-773B01174A2F}.Debug|Any CPU.ActiveCfg = Debug|Any CPU
		{14EAEE78-83BF-44EE-9AE6-773B01174A2F}.Debug|Any CPU.Build.0 = Debug|Any CPU
		{14EAEE78-83BF-44EE-9AE6-773B01174A2F}.Release|Any CPU.ActiveCfg = Release|Any CPU
		{14EAEE78-83BF-44EE-9AE6-773B01174A2F}.Release|Any CPU.Build.0 = Release|Any CPU
	EndGlobalSection
	GlobalSection(SolutionProperties) = preSolution
		HideSolutionNode = FALSE
	EndGlobalSection
	GlobalSection(ExtensibilityGlobals) = postSolution
		SolutionGuid = {53FEAA08-5905-4CFE-9D3C-DE66F9559203}
	EndGlobalSection
EndGlobal
